
Microsoft Visual Studio Solution File, Format Version 12.00
# Visual Studio Version 17
VisualStudioVersion = 17.2.32630.192
MinimumVisualStudioVersion = 10.0.40219.1
Project("{FAE04EC0-301F-11D3-BF4B-00C04F79EFBC}") = "ProyectMchs", "ProyectMchs\ProyectMchs.csproj", "{50123BDE-30E2-4CDF-AFD4-5D8E77A37FD3}"
EndProject
Global
	GlobalSection(SolutionConfigurationPlatforms) = preSolution
		Debug|Any CPU = Debug|Any CPU
		Release|Any CPU = Release|Any CPU
	EndGlobalSection
	GlobalSection(ProjectConfigurationPlatforms) = postSolution
		{50123BDE-30E2-4CDF-AFD4-5D8E77A37FD3}.Debug|Any CPU.ActiveCfg = Debug|Any CPU
		{50123BDE-30E2-4CDF-AFD4-5D8E77A37FD3}.Debug|Any CPU.Build.0 = Debug|Any CPU
		{50123BDE-30E2-4CDF-AFD4-5D8E77A37FD3}.Release|Any CPU.ActiveCfg = Release|Any CPU
		{50123BDE-30E2-4CDF-AFD4-5D8E77A37FD3}.Release|Any CPU.Build.0 = Release|Any CPU
	EndGlobalSection
	GlobalSection(SolutionProperties) = preSolution
		HideSolutionNode = FALSE
	EndGlobalSection
	GlobalSection(ExtensibilityGlobals) = postSolution
		SolutionGuid = {CF02B454-317C-4D12-B560-4079F9883F73}
	EndGlobalSection
EndGlobal
